<?xml version="1.0" encoding="utf-8"?>
<Project ToolsVersion="4.0" xmlns="http://schemas.microsoft.com/developer/msbuild/2003">
  <ItemGroup>
    <Filter Include="Source Files">
      <UniqueIdentifier>{4FC737F1-C7A5-4376-A066-2A32D752A2FF}</UniqueIdentifier>
      <Extensions>cpp;c;cc;cxx;def;odl;idl;hpj;bat;asm;asmx</Extensions>
    </Filter>
    <Filter Include="Header Files">
      <UniqueIdentifier>{93995380-89BD-4b04-88EB-625FBE52EBFB}</UniqueIdentifier>
      <Extensions>h;hh;hpp;hxx;hm;inl;inc;ipp;xsd</Extensions>
    </Filter>
    <Filter Include="Resource Files">
      <UniqueIdentifier>{67DA6AB6-F800-4c08-8B7A-83BB121AAD01}</UniqueIdentifier>
      <Extensions>rc;ico;cur;bmp;dlg;rc2;rct;bin;rgs;gif;jpg;jpeg;jpe;resx;tiff;tif;png;wav;mfcribbon-ms</Extensions>
    </Filter>
    <Filter Include="Source Files\GameLib">
      <UniqueIdentifier>{98a079b3-53dd-4047-98df-a06cfd6c8e75}</UniqueIdentifier>
    </Filter>
    <Filter Include="Source Files\Scenes">
      <UniqueIdentifier>{d66dfbe8-cbf5-4418-939c-5bf7d3faa846}</UniqueIdentifier>
    </Filter>
    <Filter Include="Source Files\Geom">
      <UniqueIdentifier>{76ea3a12-db93-49c1-870d-e5d081d9d027}</UniqueIdentifier>
    </Filter>
    <Filter Include="Source Files\Other Assets">
      <UniqueIdentifier>{de6fa198-be8c-4b1e-874e-353419b55c0b}</UniqueIdentifier>
    </Filter>
    <Filter Include="Header Files\GameLib">
      <UniqueIdentifier>{1f2c1d0c-cb94-4519-b7b9-7f8c9d3ce7ac}</UniqueIdentifier>
    </Filter>
    <Filter Include="Header Files\Scenes">
      <UniqueIdentifier>{4e20a3c5-0eb5-4b7e-ac59-e6fdba9beeb1}</UniqueIdentifier>
    </Filter>
    <Filter Include="Header Files\Other Assets">
      <UniqueIdentifier>{d333d701-71c4-471d-87e6-c8fe6df8df16}</UniqueIdentifier>
    </Filter>
    <Filter Include="Resource Files\Audio">
      <UniqueIdentifier>{1aedb63e-050b-4a9f-8c19-5cd895e3eab8}</UniqueIdentifier>
    </Filter>
    <Filter Include="Source Files\Geom\Lines">
      <UniqueIdentifier>{844fb80e-5e0b-4dde-b6f9-961f3594cc79}</UniqueIdentifier>
    </Filter>
    <Filter Include="Header Files\Central">
      <UniqueIdentifier>{9b928212-fb2a-477b-8fdf-9c0fcfe67b9f}</UniqueIdentifier>
    </Filter>
    <Filter Include="Header Files\Geom">
      <UniqueIdentifier>{988346e2-be24-4df6-b706-32f4c2a00d17}</UniqueIdentifier>
    </Filter>
    <Filter Include="Header Files\Geom\Lines">
      <UniqueIdentifier>{905b9376-40aa-47de-b05d-ee60885ae402}</UniqueIdentifier>
    </Filter>
  </ItemGroup>
  <ItemGroup>
    <ClCompile Include="main.cpp">
      <Filter>Source Files</Filter>
    </ClCompile>
    <ClCompile Include="GameHandler.cpp">
      <Filter>Source Files\GameLib</Filter>
    </ClCompile>
    <ClCompile Include="GameLayer.cpp">
      <Filter>Source Files\GameLib</Filter>
    </ClCompile>
    <ClCompile Include="GameObject.cpp">
      <Filter>Source Files\GameLib</Filter>
    </ClCompile>
    <ClCompile Include="Physical.cpp">
      <Filter>Source Files\GameLib</Filter>
    </ClCompile>
    <ClCompile Include="DebugScene.cpp">
      <Filter>Source Files\Scenes</Filter>
    </ClCompile>
    <ClCompile Include="Cursor.cpp">
      <Filter>Source Files\Other Assets</Filter>
    </ClCompile>
    <ClCompile Include="Scene.cpp">
      <Filter>Source Files\GameLib</Filter>
    </ClCompile>
    <ClCompile Include="SceneHandler.cpp">
      <Filter>Source Files\GameLib</Filter>
    </ClCompile>
    <ClCompile Include="LineTransitioner.cpp">
      <Filter>Source Files\Geom\Lines</Filter>
    </ClCompile>
    <ClCompile Include="Line.cpp">
      <Filter>Source Files\Geom\Lines</Filter>
    </ClCompile>
  </ItemGroup>
  <ItemGroup>
    <ClInclude Include="GameHandler.h">
      <Filter>Header Files\GameLib</Filter>
    </ClInclude>
    <ClInclude Include="GameObject.h">
      <Filter>Header Files\GameLib</Filter>
    </ClInclude>
    <ClInclude Include="GameLayer.h">
      <Filter>Header Files\GameLib</Filter>
    </ClInclude>
    <ClInclude Include="Physical.h">
      <Filter>Header Files\GameLib</Filter>
    </ClInclude>
    <ClInclude Include="DebugScene.h">
      <Filter>Header Files\Scenes</Filter>
    </ClInclude>
    <ClInclude Include="Scene.h">
      <Filter>Header Files\Scenes</Filter>
    </ClInclude>
    <ClInclude Include="SceneHandler.h">
      <Filter>Header Files\Scenes</Filter>
    </ClInclude>
    <ClInclude Include="Cursor.h">
      <Filter>Header Files\Other Assets</Filter>
    </ClInclude>
    <ClInclude Include="Global.h">
      <Filter>Header Files\Central</Filter>
    </ClInclude>
    <ClInclude Include="main.h">
      <Filter>Header Files\Central</Filter>
    </ClInclude>
    <ClInclude Include="LineTransitioner.h">
      <Filter>Header Files\Geom\Lines</Filter>
    </ClInclude>
    <ClInclude Include="Line.h">
      <Filter>Header Files\Geom\Lines</Filter>
    </ClInclude>
  </ItemGroup>
  <ItemGroup>
    <Media Include="Kubbi - Void pt. 2.mp3">
      <Filter>Resource Files\Audio</Filter>
    </Media>
    <Media Include="ParagonX9 - Chaoz Fantasy.mp3">
      <Filter>Resource Files\Audio</Filter>
    </Media>
  </ItemGroup>
</Project>